# THIS IS AN AUTOGENERATED FILE. DO NOT EDIT THIS FILE DIRECTLY.
# yarn lockfile v1


"@giscus/react@^3.1.0":
  version "3.1.0"
  resolved "https://registry.yarnpkg.com/@giscus/react/-/react-3.1.0.tgz#0ab77cc80d765989e87403ea7f50ba7a790a36c7"
  integrity sha512-0TCO2TvL43+oOdyVVGHDItwxD1UMKP2ZYpT6gXmhFOqfAJtZxTzJ9hkn34iAF/b6YzyJ4Um89QIt9z/ajmAEeg==
  dependencies:
    giscus "^1.6.0"

"@lit-labs/ssr-dom-shim@^1.5.0":
  version "1.5.1"
  resolved "https://registry.yarnpkg.com/@lit-labs/ssr-dom-shim/-/ssr-dom-shim-1.5.1.tgz#3166900c0d481f03d6d4133686e0febf760d521d"
  integrity sha512-Aou5UdlSpr5whQe8AA/bZG0jMj96CoJIWbGfZ91qieWu5AWUMKw8VR/pAkQkJYvBNhmCcWnZlyyk5oze8JIqYA==

"@lit/reactive-element@^2.1.0":
  version "2.1.2"
  resolved "https://registry.yarnpkg.com/@lit/reactive-element/-/reactive-element-2.1.2.tgz#4c6af9042603c98e61ba90b294607904d51b61cb"
  integrity sha512-pbCDiVMnne1lYUIaYNN5wrwQXDtHaYtg7YEFPeW+hws6U47WeFvISGUWekPGKWOP1ygrs0ef0o1VJMk1exos5A==
  dependencies:
    "@lit-labs/ssr-dom-shim" "^1.5.0"

"@types/trusted-types@^2.0.2":
  version "2.0.7"
  resolved "https://registry.yarnpkg.com/@types/trusted-types/-/trusted-types-2.0.7.tgz#baccb07a970b91707df3a3e8ba6896c57ead2d11"
  integrity sha512-ScaPdn1dQczgbl0QFTeTOmVHFULt394XJgOQNoyVhZ6r2vLnMLJfBPd53SB52T/3G36VI1/g2MZaX0cwDuXsfw==

giscus@^1.6.0:
  version "1.6.0"
  resolved "https://registry.yarnpkg.com/giscus/-/giscus-1.6.0.tgz#96c592e01829707b3a0ba72c2636c07a28b5c19d"
  integrity sha512-Zrsi8r4t1LVW950keaWcsURuZUQwUaMKjvJgTCY125vkW6OiEBkatE7ScJDbpqKHdZwb///7FVC21SE3iFK3PQ==
  dependencies:
    lit "^3.2.1"

lit-element@^4.2.0:
  version "4.2.2"
  resolved "https://registry.yarnpkg.com/lit-element/-/lit-element-4.2.2.tgz#f74fcbfbea945eae5614ece22a674fa52ca3365b"
  integrity sha512-aFKhNToWxoyhkNDmWZwEva2SlQia+jfG0fjIWV//YeTaWrVnOxD89dPKfigCUspXFmjzOEUQpOkejH5Ly6sG0w==
  dependencies:
    "@lit-labs/ssr-dom-shim" "^1.5.0"
    "@lit/reactive-element" "^2.1.0"
    lit-html "^3.3.0"

lit-html@^3.3.0:
  version "3.3.2"
  resolved "https://registry.yarnpkg.com/lit-html/-/lit-html-3.3.2.tgz#4db11fdbf98fc8a0c5eabd9b1e7d088d3bb201a2"
  integrity sha512-Qy9hU88zcmaxBXcc10ZpdK7cOLXvXpRoBxERdtqV9QOrfpMZZ6pSYP91LhpPtap3sFMUiL7Tw2RImbe0Al2/kw==
  dependencies:
    "@types/trusted-types" "^2.0.2"

lit@^3.2.1:
  version "3.3.2"
  resolved "https://registry.yarnpkg.com/lit/-/lit-3.3.2.tgz#d9230ebbf237bfd3d2091bc0b56c576a470ac4d7"
  integrity sha512-NF9zbsP79l4ao2SNrH3NkfmFgN/hBYSQo90saIVI1o5GpjAdCPVstVzO1MrLOakHoEhYkrtRjPK6Ob521aoYWQ==
  dependencies:
    "@lit/reactive-element" "^2.1.0"
    lit-element "^4.2.0"
    lit-html "^3.3.0"
